
Microsoft Visual Studio Solution File, Format Version 12.00
# Visual Studio Version 16
VisualStudioVersion = 16.0.30406.217
MinimumVisualStudioVersion = 10.0.40219.1
Project("{FAE04EC0-301F-11D3-BF4B-00C04F79EFBC}") = "DirectoryMonitor", "DirectoryMonitor\DirectoryMonitor.csproj", "{B5CD2EB8-059B-4A4E-B2C6-B3D00DCD8FFF}"
EndProject
Global
	GlobalSection(SolutionConfigurationPlatforms) = preSolution
		Debug|Any CPU = Debug|Any CPU
		Release|Any CPU = Release|Any CPU
	EndGlobalSection
	GlobalSection(ProjectConfigurationPlatforms) = postSolution
		{B5CD2EB8-059B-4A4E-B2C6-B3D00DCD8FFF}.Debug|Any CPU.ActiveCfg = Debug|Any CPU
		{B5CD2EB8-059B-4A4E-B2C6-B3D00DCD8FFF}.Debug|Any CPU.Build.0 = Debug|Any CPU
		{B5CD2EB8-059B-4A4E-B2C6-B3D00DCD8FFF}.Release|Any CPU.ActiveCfg = Release|Any CPU
		{B5CD2EB8-059B-4A4E-B2C6-B3D00DCD8FFF}.Release|Any CPU.Build.0 = Release|Any CPU
	EndGlobalSection
	GlobalSection(SolutionProperties) = preSolution
		HideSolutionNode = FALSE
	EndGlobalSection
	GlobalSection(ExtensibilityGlobals) = postSolution
		SolutionGuid = {0B4AA22F-DCA5-4E35-A6FB-FCB553982DA2}
	EndGlobalSection
EndGlobal
